Microsoft Visual Studio Solution File, Format Version 12.00
# Visual Studio Version 17
VisualStudioVersion = 17.5.2.0
MinimumVisualStudioVersion = 10.0.40219.1
Project("{FAE04EC0-301F-11D3-BF4B-00C04F79EFBC}") = "JohnKauflinFunctions", "JohnKauflinFunctions.csproj", "{44D52246-1DC3-01F0-7A80-A8ABAA9A03AF}"
EndProject
Global
	GlobalSection(SolutionConfigurationPlatforms) = preSolution
		Debug|Any CPU = Debug|Any CPU
		Release|Any CPU = Release|Any CPU
	EndGlobalSection
	GlobalSection(ProjectConfigurationPlatforms) = postSolution
		{44D52246-1DC3-01F0-7A80-A8ABAA9A03AF}.Debug|Any CPU.ActiveCfg = Debug|Any CPU
		{44D52246-1DC3-01F0-7A80-A8ABAA9A03AF}.Debug|Any CPU.Build.0 = Debug|Any CPU
		{44D52246-1DC3-01F0-7A80-A8ABAA9A03AF}.Release|Any CPU.ActiveCfg = Release|Any CPU
		{44D52246-1DC3-01F0-7A80-A8ABAA9A03AF}.Release|Any CPU.Build.0 = Release|Any CPU
	EndGlobalSection
	GlobalSection(SolutionProperties) = preSolution
		HideSolutionNode = FALSE
	EndGlobalSection
	GlobalSection(ExtensibilityGlobals) = postSolution
		SolutionGuid = {83015793-5C76-48DF-8EF7-9059C0A26A82}
	EndGlobalSection
EndGlobal
